
Microsoft Visual Studio Solution File, Format Version 12.00
# Visual Studio 15
VisualStudioVersion = 15.0.27004.2009
MinimumVisualStudioVersion = 10.0.40219.1
Project("{2150E333-8FDC-42A3-9474-1A3956D46DE8}") = "Solution Items", "Solution Items", "{7CAE2965-EABD-493F-8DF4-BF2EAE886FF5}"
EndProject
Project("{2150E333-8FDC-42A3-9474-1A3956D46DE8}") = "Info", "Info", "{7E668F3F-FEB2-4D69-997C-CBDA677373FF}"
	ProjectSection(SolutionItems) = preProject
		..\README.md = ..\README.md
	EndProjectSection
EndProject
Project("{2150E333-8FDC-42A3-9474-1A3956D46DE8}") = "Build", "Build", "{4E1AB3BE-CAC6-4828-99B2-342600191FD9}"
	ProjectSection(SolutionItems) = preProject
		appveyor.yml = appveyor.yml
	EndProjectSection
EndProject
Project("{2150E333-8FDC-42A3-9474-1A3956D46DE8}") = "scripts", "scripts", "{9489D3FA-35AA-46B5-9931-23C4417F9C21}"
	ProjectSection(SolutionItems) = preProject
		scripts\coverage.ps1 = scripts\coverage.ps1
		scripts\dotnet-latest.ps1 = scripts\dotnet-latest.ps1
		scripts\show-dotnet-info.ps1 = scripts\show-dotnet-info.ps1
		scripts\version-bump.ps1 = scripts\version-bump.ps1
	EndProjectSection
EndProject
Project("{2150E333-8FDC-42A3-9474-1A3956D46DE8}") = "src", "src", "{D7E7B21A-D258-4E19-938F-3ACA5642CE82}"
EndProject
Project("{2150E333-8FDC-42A3-9474-1A3956D46DE8}") = "test", "test", "{6E13B052-0279-4785-9D41-CFAB1716722E}"
EndProject
Project("{9A19103F-16F7-4668-BE54-9A1E7A4F7556}") = "Halcyon", "src\Halcyon\Halcyon.csproj", "{6D43348B-BB99-4431-BF49-F5C277EB2069}"
EndProject
Project("{9A19103F-16F7-4668-BE54-9A1E7A4F7556}") = "Halcyon.WebApi", "src\Halcyon.WebApi\Halcyon.WebApi.csproj", "{51141F80-555A-416D-9596-517B81D1BBC3}"
EndProject
Project("{9A19103F-16F7-4668-BE54-9A1E7A4F7556}") = "Halcyon.Mvc", "src\Halcyon.Mvc\Halcyon.Mvc.csproj", "{61301A50-41DB-43E0-AA67-867AB52B0CA0}"
EndProject
Project("{9A19103F-16F7-4668-BE54-9A1E7A4F7556}") = "Halcyon.Tests", "test\Halcyon.Tests\Halcyon.Tests.csproj", "{4DCA7283-193F-4F64-8ED2-DDE31D536526}"
EndProject
Project("{9A19103F-16F7-4668-BE54-9A1E7A4F7556}") = "Halcyon.Tests.SelfHost.Mvc", "test\Halcyon.Tests.SelfHost.Mvc\Halcyon.Tests.SelfHost.Mvc.csproj", "{09471327-10FB-4308-8F33-91A9605FD230}"
EndProject
Project("{9A19103F-16F7-4668-BE54-9A1E7A4F7556}") = "Halcyon.Tests.SelfHost.WebApi", "test\Halcyon.Tests.SelfHost.WebApi\Halcyon.Tests.SelfHost.WebApi.csproj", "{2A2D18B8-29D8-4D43-BD71-BDE6464ACF8C}"
EndProject
Global
	GlobalSection(SolutionConfigurationPlatforms) = preSolution
		Debug|Any CPU = Debug|Any CPU
		Release|Any CPU = Release|Any CPU
	EndGlobalSection
	GlobalSection(ProjectConfigurationPlatforms) = postSolution
		{6D43348B-BB99-4431-BF49-F5C277EB2069}.Debug|Any CPU.ActiveCfg = Debug|Any CPU
		{6D43348B-BB99-4431-BF49-F5C277EB2069}.Debug|Any CPU.Build.0 = Debug|Any CPU
		{6D43348B-BB99-4431-BF49-F5C277EB2069}.Release|Any CPU.ActiveCfg = Release|Any CPU
		{6D43348B-BB99-4431-BF49-F5C277EB2069}.Release|Any CPU.Build.0 = Release|Any CPU
		{51141F80-555A-416D-9596-517B81D1BBC3}.Debug|Any CPU.ActiveCfg = Debug|Any CPU
		{51141F80-555A-416D-9596-517B81D1BBC3}.Debug|Any CPU.Build.0 = Debug|Any CPU
		{51141F80-555A-416D-9596-517B81D1BBC3}.Release|Any CPU.ActiveCfg = Release|Any CPU
		{51141F80-555A-416D-9596-517B81D1BBC3}.Release|Any CPU.Build.0 = Release|Any CPU
		{61301A50-41DB-43E0-AA67-867AB52B0CA0}.Debug|Any CPU.ActiveCfg = Debug|Any CPU
		{61301A50-41DB-43E0-AA67-867AB52B0CA0}.Debug|Any CPU.Build.0 = Debug|Any CPU
		{61301A50-41DB-43E0-AA67-867AB52B0CA0}.Release|Any CPU.ActiveCfg = Release|Any CPU
		{61301A50-41DB-43E0-AA67-867AB52B0CA0}.Release|Any CPU.Build.0 = Release|Any CPU
		{4DCA7283-193F-4F64-8ED2-DDE31D536526}.Debug|Any CPU.ActiveCfg = Debug|Any CPU
		{4DCA7283-193F-4F64-8ED2-DDE31D536526}.Debug|Any CPU.Build.0 = Debug|Any CPU
		{4DCA7283-193F-4F64-8ED2-DDE31D536526}.Release|Any CPU.ActiveCfg = Release|Any CPU
		{4DCA7283-193F-4F64-8ED2-DDE31D536526}.Release|Any CPU.Build.0 = Release|Any CPU
		{09471327-10FB-4308-8F33-91A9605FD230}.Debug|Any CPU.ActiveCfg = Debug|Any CPU
		{09471327-10FB-4308-8F33-91A9605FD230}.Debug|Any CPU.Build.0 = Debug|Any CPU
		{09471327-10FB-4308-8F33-91A9605FD230}.Release|Any CPU.ActiveCfg = Release|Any CPU
		{09471327-10FB-4308-8F33-91A9605FD230}.Release|Any CPU.Build.0 = Release|Any CPU
		{2A2D18B8-29D8-4D43-BD71-BDE6464ACF8C}.Debug|Any CPU.ActiveCfg = Debug|Any CPU
		{2A2D18B8-29D8-4D43-BD71-BDE6464ACF8C}.Debug|Any CPU.Build.0 = Debug|Any CPU
		{2A2D18B8-29D8-4D43-BD71-BDE6464ACF8C}.Release|Any CPU.ActiveCfg = Release|Any CPU
		{2A2D18B8-29D8-4D43-BD71-BDE6464ACF8C}.Release|Any CPU.Build.0 = Release|Any CPU
	EndGlobalSection
	GlobalSection(SolutionProperties) = preSolution
		HideSolutionNode = FALSE
	EndGlobalSection
	GlobalSection(NestedProjects) = preSolution
		{6D43348B-BB99-4431-BF49-F5C277EB2069} = {D7E7B21A-D258-4E19-938F-3ACA5642CE82}
		{51141F80-555A-416D-9596-517B81D1BBC3} = {D7E7B21A-D258-4E19-938F-3ACA5642CE82}
		{61301A50-41DB-43E0-AA67-867AB52B0CA0} = {D7E7B21A-D258-4E19-938F-3ACA5642CE82}
		{4DCA7283-193F-4F64-8ED2-DDE31D536526} = {6E13B052-0279-4785-9D41-CFAB1716722E}
		{09471327-10FB-4308-8F33-91A9605FD230} = {6E13B052-0279-4785-9D41-CFAB1716722E}
		{2A2D18B8-29D8-4D43-BD71-BDE6464ACF8C} = {6E13B052-0279-4785-9D41-CFAB1716722E}
	EndGlobalSection
	GlobalSection(ExtensibilityGlobals) = postSolution
		SolutionGuid = {8D1E7B7E-2CD7-40C5-AA37-0D2D86B0CBFE}
	EndGlobalSection
EndGlobal
